// !$*UTF8*$!
{
	archiveVersion = 1;
	classes = {
	};
	objectVersion = 51;
	objects = {

/* Begin PBXBuildFile section */
		8F3C2A6A5D648EE2DC6F7F44 /* Pods_CovidMarketPlace.framework in Frameworks */ = {isa = PBXBuildFile; fileRef = 59FA914DAD1F08DFD2665691 /* Pods_CovidMarketPlace.framework */; };
		E81E0BD92576CB3D000F3F63 /* ProductView.swift in Sources */ = {isa = PBXBuildFile; fileRef = E81E0BD82576CB3D000F3F63 /* ProductView.swift */; };
		E81E0BDD2576CDE4000F3F63 /* productImgCell.swift in Sources */ = {isa = PBXBuildFile; fileRef = E81E0BDB2576CDE4000F3F63 /* productImgCell.swift */; };
		E81E0BDE2576CDE4000F3F63 /* productImgCell.xib in Resources */ = {isa = PBXBuildFile; fileRef = E81E0BDC2576CDE4000F3F63 /* productImgCell.xib */; };
		E81E0BE22576CEC5000F3F63 /* ProductTitle.swift in Sources */ = {isa = PBXBuildFile; fileRef = E81E0BE02576CEC5000F3F63 /* ProductTitle.swift */; };
		E81E0BE32576CEC5000F3F63 /* ProductTitle.xib in Resources */ = {isa = PBXBuildFile; fileRef = E81E0BE12576CEC5000F3F63 /* ProductTitle.xib */; };
		E81E0BE72576D517000F3F63 /* ProductPriceCell.swift in Sources */ = {isa = PBXBuildFile; fileRef = E81E0BE52576D517000F3F63 /* ProductPriceCell.swift */; };
		E81E0BE82576D517000F3F63 /* ProductPriceCell.xib in Resources */ = {isa = PBXBuildFile; fileRef = E81E0BE62576D517000F3F63 /* ProductPriceCell.xib */; };
		E81E0BEC2576D7A0000F3F63 /* ProductDescription.swift in Sources */ = {isa = PBXBuildFile; fileRef = E81E0BEA2576D7A0000F3F63 /* ProductDescription.swift */; };
		E81E0BED2576D7A0000F3F63 /* ProductDescription.xib in Resources */ = {isa = PBXBuildFile; fileRef = E81E0BEB2576D7A0000F3F63 /* ProductDescription.xib */; };
		E81E0BF12576E6FE000F3F63 /* ProductSelection.swift in Sources */ = {isa = PBXBuildFile; fileRef = E81E0BEF2576E6FE000F3F63 /* ProductSelection.swift */; };
		E81E0BF22576E6FE000F3F63 /* ProductSelection.xib in Resources */ = {isa = PBXBuildFile; fileRef = E81E0BF02576E6FE000F3F63 /* ProductSelection.xib */; };
		E823AEC8255EE96A00CEC763 /* MainViewController.swift in Sources */ = {isa = PBXBuildFile; fileRef = E823AEC7255EE96A00CEC763 /* MainViewController.swift */; };
		E823AECC255EF27700CEC763 /* HomeView.swift in Sources */ = {isa = PBXBuildFile; fileRef = E823AECB255EF27700CEC763 /* HomeView.swift */; };
		E823AED6255F0DE200CEC763 /* FavoritesLauncher.swift in Sources */ = {isa = PBXBuildFile; fileRef = E823AED5255F0DE200CEC763 /* FavoritesLauncher.swift */; };
		E823AEDA255F0DFC00CEC763 /* FavoritesView.swift in Sources */ = {isa = PBXBuildFile; fileRef = E823AED9255F0DFC00CEC763 /* FavoritesView.swift */; };
		E823AEDD255F0E2E00CEC763 /* FavoritesInteractor.swift in Sources */ = {isa = PBXBuildFile; fileRef = E823AEDC255F0E2E00CEC763 /* FavoritesInteractor.swift */; };
		E823AEE0255F0E4200CEC763 /* FavoritesPresenter.swift in Sources */ = {isa = PBXBuildFile; fileRef = E823AEDF255F0E4200CEC763 /* FavoritesPresenter.swift */; };
		E823AEE3255F0E5500CEC763 /* FavoritesRouter.swift in Sources */ = {isa = PBXBuildFile; fileRef = E823AEE2255F0E5500CEC763 /* FavoritesRouter.swift */; };
		E823AEE6255F0EAC00CEC763 /* FavoriteEmpty.swift in Sources */ = {isa = PBXBuildFile; fileRef = E823AEE5255F0EAC00CEC763 /* FavoriteEmpty.swift */; };
		E823AEE9255F191000CEC763 /* Favorites.swift in Sources */ = {isa = PBXBuildFile; fileRef = E823AEE8255F191000CEC763 /* Favorites.swift */; };
		E823AEF2255F1F7700CEC763 /* AccountView.swift in Sources */ = {isa = PBXBuildFile; fileRef = E823AEF1255F1F7700CEC763 /* AccountView.swift */; };
		E823AEF6255F206800CEC763 /* AccountLauncher.swift in Sources */ = {isa = PBXBuildFile; fileRef = E823AEF5255F206800CEC763 /* AccountLauncher.swift */; };
		E823AEF9255F20FF00CEC763 /* AccountInteractor.swift in Sources */ = {isa = PBXBuildFile; fileRef = E823AEF8255F20FF00CEC763 /* AccountInteractor.swift */; };
		E823AEFC255F213A00CEC763 /* AccountPresenter.swift in Sources */ = {isa = PBXBuildFile; fileRef = E823AEFB255F213A00CEC763 /* AccountPresenter.swift */; };
		E823AEFF255F214A00CEC763 /* Account.swift in Sources */ = {isa = PBXBuildFile; fileRef = E823AEFE255F214A00CEC763 /* Account.swift */; };
		E823AF02255F215A00CEC763 /* AccountRouter.swift in Sources */ = {isa = PBXBuildFile; fileRef = E823AF01255F215A00CEC763 /* AccountRouter.swift */; };
		E82831F625715B8200F89465 /* UIView + Extensions.swift in Sources */ = {isa = PBXBuildFile; fileRef = E82831F525715B8200F89465 /* UIView + Extensions.swift */; };
		E82831FF25715E8A00F89465 /* CGFloat + extensions.swift in Sources */ = {isa = PBXBuildFile; fileRef = E82831FE25715E8A00F89465 /* CGFloat + extensions.swift */; };
		E8336DAC255DE76E008A8800 /* Autocomplete.swift in Sources */ = {isa = PBXBuildFile; fileRef = E8336DAB255DE76E008A8800 /* Autocomplete.swift */; };
		E8336DAF255DE7BD008A8800 /* AutoCompleteView.swift in Sources */ = {isa = PBXBuildFile; fileRef = E8336DAE255DE7BD008A8800 /* AutoCompleteView.swift */; };
		E8336DB2255DEB15008A8800 /* AutoCompleteRouter.swift in Sources */ = {isa = PBXBuildFile; fileRef = E8336DB1255DEB15008A8800 /* AutoCompleteRouter.swift */; };
		E8336DB6255DF260008A8800 /* String+Extensions.swift in Sources */ = {isa = PBXBuildFile; fileRef = E8336DB5255DF260008A8800 /* String+Extensions.swift */; };
		E8336DBF255DF2CB008A8800 /* Merchant.swift in Sources */ = {isa = PBXBuildFile; fileRef = E8336DBE255DF2CB008A8800 /* Merchant.swift */; };
		E8336DC2255E083B008A8800 /* View+Extensions.swift in Sources */ = {isa = PBXBuildFile; fileRef = E8336DC1255E083B008A8800 /* View+Extensions.swift */; };
		E8336DC5255E085B008A8800 /* Color+Extensions.swift in Sources */ = {isa = PBXBuildFile; fileRef = E8336DC4255E085B008A8800 /* Color+Extensions.swift */; };
		E8336DC8255E895A008A8800 /* Notification+Name.swift in Sources */ = {isa = PBXBuildFile; fileRef = E8336DC7255E895A008A8800 /* Notification+Name.swift */; };
		E8340E57257A57A100238C18 /* LayoutBuilder.swift in Sources */ = {isa = PBXBuildFile; fileRef = E8340E56257A57A100238C18 /* LayoutBuilder.swift */; };
		E8340E5A257A689E00238C18 /* ProductInfos.swift in Sources */ = {isa = PBXBuildFile; fileRef = E8340E59257A689E00238C18 /* ProductInfos.swift */; };
		E8340E5D257A6EEE00238C18 /* PageVCWithOverlay.swift in Sources */ = {isa = PBXBuildFile; fileRef = E8340E5C257A6EEE00238C18 /* PageVCWithOverlay.swift */; };
		E8340E60257A700700238C18 /* SliderViewController.swift in Sources */ = {isa = PBXBuildFile; fileRef = E8340E5F257A700700238C18 /* SliderViewController.swift */; };
		E8340E63257A749400238C18 /* UIColor+Extensions.swift in Sources */ = {isa = PBXBuildFile; fileRef = E8340E62257A749400238C18 /* UIColor+Extensions.swift */; };
		E8340E66257A760900238C18 /* GalleryView.swift in Sources */ = {isa = PBXBuildFile; fileRef = E8340E65257A760900238C18 /* GalleryView.swift */; };
		E8340E69257A810700238C18 /* ProductInfosRouter.swift in Sources */ = {isa = PBXBuildFile; fileRef = E8340E68257A810700238C18 /* ProductInfosRouter.swift */; };
		E8340E73257A958100238C18 /* CartPreview.swift in Sources */ = {isa = PBXBuildFile; fileRef = E8340E72257A958100238C18 /* CartPreview.swift */; };
		E8340E77257A970000238C18 /* CartRouter.swift in Sources */ = {isa = PBXBuildFile; fileRef = E8340E76257A970000238C18 /* CartRouter.swift */; };
		E8340E7A257AA0E800238C18 /* Model.swift in Sources */ = {isa = PBXBuildFile; fileRef = E8340E79257AA0E800238C18 /* Model.swift */; };
		E8340E7F257AA44900238C18 /* CartModelCell.swift in Sources */ = {isa = PBXBuildFile; fileRef = E8340E7D257AA44900238C18 /* CartModelCell.swift */; };
		E8340E80257AA44900238C18 /* CartModelCell.xib in Resources */ = {isa = PBXBuildFile; fileRef = E8340E7E257AA44900238C18 /* CartModelCell.xib */; };
		E8340E84257AB36500238C18 /* FloatingButtonController.swift in Sources */ = {isa = PBXBuildFile; fileRef = E8340E83257AB36500238C18 /* FloatingButtonController.swift */; };
		E85A4B5825740D61006A539B /* ShopHomeDescription.swift in Sources */ = {isa = PBXBuildFile; fileRef = E85A4B5725740D61006A539B /* ShopHomeDescription.swift */; };
		E85A4B5C25740F15006A539B /* ProductsCell.swift in Sources */ = {isa = PBXBuildFile; fileRef = E85A4B5A25740F15006A539B /* ProductsCell.swift */; };
		E85A4B5D25740F15006A539B /* ProductsCell.xib in Resources */ = {isa = PBXBuildFile; fileRef = E85A4B5B25740F15006A539B /* ProductsCell.xib */; };
		E85C7A862567EBD80008BBCA /* CategoryCell.swift in Sources */ = {isa = PBXBuildFile; fileRef = E85C7A842567EBD80008BBCA /* CategoryCell.swift */; };
		E85C7A872567EBD80008BBCA /* CategoryCell.xib in Resources */ = {isa = PBXBuildFile; fileRef = E85C7A852567EBD80008BBCA /* CategoryCell.xib */; };
		E85C7A8B2567F15B0008BBCA /* AdsCell.swift in Sources */ = {isa = PBXBuildFile; fileRef = E85C7A892567F15B0008BBCA /* AdsCell.swift */; };
		E85C7A8C2567F15B0008BBCA /* AdsCell.xib in Resources */ = {isa = PBXBuildFile; fileRef = E85C7A8A2567F15B0008BBCA /* AdsCell.xib */; };
		E85C7A902567F2270008BBCA /* OffersCell.swift in Sources */ = {isa = PBXBuildFile; fileRef = E85C7A8E2567F2270008BBCA /* OffersCell.swift */; };
		E85C7A912567F2270008BBCA /* OffersCell.xib in Resources */ = {isa = PBXBuildFile; fileRef = E85C7A8F2567F2270008BBCA /* OffersCell.xib */; };
		E85C7A962567F35F0008BBCA /* BrandInsightCell.swift in Sources */ = {isa = PBXBuildFile; fileRef = E85C7A942567F35F0008BBCA /* BrandInsightCell.swift */; };
		E85C7A972567F35F0008BBCA /* BrandInsightCell.xib in Resources */ = {isa = PBXBuildFile; fileRef = E85C7A952567F35F0008BBCA /* BrandInsightCell.xib */; };
		E85C7A9B2567F4150008BBCA /* GoodSuggestionCell.swift in Sources */ = {isa = PBXBuildFile; fileRef = E85C7A992567F4150008BBCA /* GoodSuggestionCell.swift */; };
		E85C7A9C2567F4150008BBCA /* GoodSuggestionCell.xib in Resources */ = {isa = PBXBuildFile; fileRef = E85C7A9A2567F4150008BBCA /* GoodSuggestionCell.xib */; };
		E85C7AA02567F9D00008BBCA /* ShopCell.swift in Sources */ = {isa = PBXBuildFile; fileRef = E85C7A9E2567F9D00008BBCA /* ShopCell.swift */; };
		E85C7AA12567F9D00008BBCA /* ShopCell.xib in Resources */ = {isa = PBXBuildFile; fileRef = E85C7A9F2567F9D00008BBCA /* ShopCell.xib */; };
		E85C7AB12568128E0008BBCA /* LauncherController.swift in Sources */ = {isa = PBXBuildFile; fileRef = E85C7AB02568128E0008BBCA /* LauncherController.swift */; };
		E85C7ABA256814360008BBCA /* AuthRouter.swift in Sources */ = {isa = PBXBuildFile; fileRef = E85C7AB9256814360008BBCA /* AuthRouter.swift */; };
		E85C7ABE256814540008BBCA /* Auth.swift in Sources */ = {isa = PBXBuildFile; fileRef = E85C7ABD256814540008BBCA /* Auth.swift */; };
		E85C7AC1256814680008BBCA /* AuthPresenter.swift in Sources */ = {isa = PBXBuildFile; fileRef = E85C7AC0256814680008BBCA /* AuthPresenter.swift */; };
		E85C7AC4256814770008BBCA /* AuthInteractor.swift in Sources */ = {isa = PBXBuildFile; fileRef = E85C7AC3256814770008BBCA /* AuthInteractor.swift */; };
		E85C7ACF25683A3A0008BBCA /* GoogleService-Info.plist in Resources */ = {isa = PBXBuildFile; fileRef = E85C7ACE25683A3A0008BBCA /* GoogleService-Info.plist */; };
		E85EC17E256708EB00B57732 /* UIImageview+Extensions.swift in Sources */ = {isa = PBXBuildFile; fileRef = E85EC17D256708EB00B57732 /* UIImageview+Extensions.swift */; };
		E872DAE3256D8589007903D4 /* SearchView.swift in Sources */ = {isa = PBXBuildFile; fileRef = E872DAE2256D8589007903D4 /* SearchView.swift */; };
		E872DAE7256D8753007903D4 /* SearchInteractor.swift in Sources */ = {isa = PBXBuildFile; fileRef = E872DAE6256D8753007903D4 /* SearchInteractor.swift */; };
		E872DAEA256D8763007903D4 /* SearchPresenter.swift in Sources */ = {isa = PBXBuildFile; fileRef = E872DAE9256D8763007903D4 /* SearchPresenter.swift */; };
		E872DAED256D8771007903D4 /* SearchRouter.swift in Sources */ = {isa = PBXBuildFile; fileRef = E872DAEC256D8771007903D4 /* SearchRouter.swift */; };
		E8B2C0B02572E1AD00664ABB /* HeaderView.swift in Sources */ = {isa = PBXBuildFile; fileRef = E8B2C0AF2572E1AD00664ABB /* HeaderView.swift */; };
		E8B2C0B42572E3A900664ABB /* ShopHome.swift in Sources */ = {isa = PBXBuildFile; fileRef = E8B2C0B32572E3A900664ABB /* ShopHome.swift */; };
		E8B2C0B82572EA7900664ABB /* ShopHomeRouter.swift in Sources */ = {isa = PBXBuildFile; fileRef = E8B2C0B72572EA7900664ABB /* ShopHomeRouter.swift */; };
		E8B2C0BC2573C3F300664ABB /* ShopHomeCell.swift in Sources */ = {isa = PBXBuildFile; fileRef = E8B2C0BA2573C3F300664ABB /* ShopHomeCell.swift */; };
		E8B2C0BD2573C3F300664ABB /* ShopHomeCell.xib in Resources */ = {isa = PBXBuildFile; fileRef = E8B2C0BB2573C3F300664ABB /* ShopHomeCell.xib */; };
		E8B2C0C12573CB6600664ABB /* CellHeaderView.swift in Sources */ = {isa = PBXBuildFile; fileRef = E8B2C0C02573CB6600664ABB /* CellHeaderView.swift */; };
		E8B2C0C52573EC2600664ABB /* ShopCategory.swift in Sources */ = {isa = PBXBuildFile; fileRef = E8B2C0C42573EC2600664ABB /* ShopCategory.swift */; };
		E8BE56FF256AADEB00147EA5 /* HeaderCell.swift in Sources */ = {isa = PBXBuildFile; fileRef = E8BE56FD256AADEB00147EA5 /* HeaderCell.swift */; };
		E8BE5700256AADEB00147EA5 /* HeaderCell.xib in Resources */ = {isa = PBXBuildFile; fileRef = E8BE56FE256AADEB00147EA5 /* HeaderCell.xib */; };
		E8CF379125756FAC00A2143C /* Products.swift in Sources */ = {isa = PBXBuildFile; fileRef = E8CF379025756FAC00A2143C /* Products.swift */; };
		E8DFDADD255B49EE0000AAA9 /* AppDelegate.swift in Sources */ = {isa = PBXBuildFile; fileRef = E8DFDADC255B49EE0000AAA9 /* AppDelegate.swift */; };
		E8DFDADF255B49EE0000AAA9 /* SceneDelegate.swift in Sources */ = {isa = PBXBuildFile; fileRef = E8DFDADE255B49EE0000AAA9 /* SceneDelegate.swift */; };
		E8DFDAE1255B49EE0000AAA9 /* AuthView.swift in Sources */ = {isa = PBXBuildFile; fileRef = E8DFDAE0255B49EE0000AAA9 /* AuthView.swift */; };
		E8DFDAE4255B49EE0000AAA9 /* Main.storyboard in Resources */ = {isa = PBXBuildFile; fileRef = E8DFDAE2255B49EE0000AAA9 /* Main.storyboard */; };
		E8DFDAE7255B49EE0000AAA9 /* CovidMarketPlace.xcdatamodeld in Sources */ = {isa = PBXBuildFile; fileRef = E8DFDAE5255B49EE0000AAA9 /* CovidMarketPlace.xcdatamodeld */; };
		E8DFDAE9255B49F00000AAA9 /* Assets.xcassets in Resources */ = {isa = PBXBuildFile; fileRef = E8DFDAE8255B49F00000AAA9 /* Assets.xcassets */; };
		E8DFDAEC255B49F00000AAA9 /* LaunchScreen.storyboard in Resources */ = {isa = PBXBuildFile; fileRef = E8DFDAEA255B49F00000AAA9 /* LaunchScreen.storyboard */; };
		E8DFDB05255BF40A0000AAA9 /* Landings.swift in Sources */ = {isa = PBXBuildFile; fileRef = E8DFDB04255BF40A0000AAA9 /* Landings.swift */; };
		E8DFDB0B255BFD850000AAA9 /* SMSVerificationView.swift in Sources */ = {isa = PBXBuildFile; fileRef = E8DFDB0A255BFD850000AAA9 /* SMSVerificationView.swift */; };
		E8DFDB0F255C04E30000AAA9 /* Int+Extensions.swift in Sources */ = {isa = PBXBuildFile; fileRef = E8DFDB0E255C04E30000AAA9 /* Int+Extensions.swift */; };
		E8DFDB12255C0DD40000AAA9 /* SMSRouter.swift in Sources */ = {isa = PBXBuildFile; fileRef = E8DFDB11255C0DD40000AAA9 /* SMSRouter.swift */; };
		E8DFDB15255C0F150000AAA9 /* SMSPresenter.swift in Sources */ = {isa = PBXBuildFile; fileRef = E8DFDB14255C0F150000AAA9 /* SMSPresenter.swift */; };
		E8DFDB18255C10E80000AAA9 /* SMSInteractor.swift in Sources */ = {isa = PBXBuildFile; fileRef = E8DFDB17255C10E80000AAA9 /* SMSInteractor.swift */; };
		E8DFDB23255C32A10000AAA9 /* PlaceRouter.swift in Sources */ = {isa = PBXBuildFile; fileRef = E8DFDB22255C32A10000AAA9 /* PlaceRouter.swift */; };
		E8DFDB26255C32B50000AAA9 /* Location.swift in Sources */ = {isa = PBXBuildFile; fileRef = E8DFDB25255C32B50000AAA9 /* Location.swift */; };
		E8DFDB29255C32C60000AAA9 /* PlacePresenter.swift in Sources */ = {isa = PBXBuildFile; fileRef = E8DFDB28255C32C60000AAA9 /* PlacePresenter.swift */; };
		E8DFDB2C255C32D30000AAA9 /* PlaceInteractor.swift in Sources */ = {isa = PBXBuildFile; fileRef = E8DFDB2B255C32D30000AAA9 /* PlaceInteractor.swift */; };
		E8DFDB2F255C32EE0000AAA9 /* PlaceView.swift in Sources */ = {isa = PBXBuildFile; fileRef = E8DFDB2E255C32EE0000AAA9 /* PlaceView.swift */; };
		E8DFDB34255C50B70000AAA9 /* Utils.swift in Sources */ = {isa = PBXBuildFile; fileRef = E8DFDB33255C50B70000AAA9 /* Utils.swift */; };
/* End PBXBuildFile section */

/* Begin PBXFileReference section */
		59FA914DAD1F08DFD2665691 /* Pods_CovidMarketPlace.framework */ = {isa = PBXFileReference; explicitFileType = wrapper.framework; includeInIndex = 0; path = Pods_CovidMarketPlace.framework; sourceTree = BUILT_PRODUCTS_DIR; };
		BEE6626206CA5C4C21BAAEC8 /* Pods-CovidMarketPlace.release.xcconfig */ = {isa = PBXFileReference; includeInIndex = 1; lastKnownFileType = text.xcconfig; name = "Pods-CovidMarketPlace.release.xcconfig"; path = "Target Support Files/Pods-CovidMarketPlace/Pods-CovidMarketPlace.release.xcconfig"; sourceTree = "<group>"; };
		E81E0BD82576CB3D000F3F63 /* ProductView.swift */ = {isa = PBXFileReference; lastKnownFileType = sourcecode.swift; path = ProductView.swift; sourceTree = "<group>"; };
		E81E0BDB2576CDE4000F3F63 /* productImgCell.swift */ = {isa = PBXFileReference; lastKnownFileType = sourcecode.swift; path = productImgCell.swift; sourceTree = "<group>"; };
		E81E0BDC2576CDE4000F3F63 /* productImgCell.xib */ = {isa = PBXFileReference; lastKnownFileType = file.xib; path = productImgCell.xib; sourceTree = "<group>"; };
		E81E0BE02576CEC5000F3F63 /* ProductTitle.swift */ = {isa = PBXFileReference; lastKnownFileType = sourcecode.swift; path = ProductTitle.swift; sourceTree = "<group>"; };
		E81E0BE12576CEC5000F3F63 /* ProductTitle.xib */ = {isa = PBXFileReference; lastKnownFileType = file.xib; path = ProductTitle.xib; sourceTree = "<group>"; };
		E81E0BE52576D517000F3F63 /* ProductPriceCell.swift */ = {isa = PBXFileReference; lastKnownFileType = sourcecode.swift; path = ProductPriceCell.swift; sourceTree = "<group>"; };
		E81E0BE62576D517000F3F63 /* ProductPriceCell.xib */ = {isa = PBXFileReference; lastKnownFileType = file.xib; path = ProductPriceCell.xib; sourceTree = "<group>"; };
		E81E0BEA2576D7A0000F3F63 /* ProductDescription.swift */ = {isa = PBXFileReference; lastKnownFileType = sourcecode.swift; path = ProductDescription.swift; sourceTree = "<group>"; };
		E81E0BEB2576D7A0000F3F63 /* ProductDescription.xib */ = {isa = PBXFileReference; lastKnownFileType = file.xib; path = ProductDescription.xib; sourceTree = "<group>"; };
		E81E0BEF2576E6FE000F3F63 /* ProductSelection.swift */ = {isa = PBXFileReference; lastKnownFileType = sourcecode.swift; path = ProductSelection.swift; sourceTree = "<group>"; };
		E81E0BF02576E6FE000F3F63 /* ProductSelection.xib */ = {isa = PBXFileReference; lastKnownFileType = file.xib; path = ProductSelection.xib; sourceTree = "<group>"; };
		E823AEC7255EE96A00CEC763 /* MainViewController.swift */ = {isa = PBXFileReference; lastKnownFileType = sourcecode.swift; path = MainViewController.swift; sourceTree = "<group>"; };
		E823AECB255EF27700CEC763 /* HomeView.swift */ = {isa = PBXFileReference; lastKnownFileType = sourcecode.swift; path = HomeView.swift; sourceTree = "<group>"; };
		E823AED5255F0DE200CEC763 /* FavoritesLauncher.swift */ = {isa = PBXFileReference; lastKnownFileType = sourcecode.swift; path = FavoritesLauncher.swift; sourceTree = "<group>"; };
		E823AED9255F0DFC00CEC763 /* FavoritesView.swift */ = {isa = PBXFileReference; lastKnownFileType = sourcecode.swift; path = FavoritesView.swift; sourceTree = "<group>"; };
		E823AEDC255F0E2E00CEC763 /* FavoritesInteractor.swift */ = {isa = PBXFileReference; lastKnownFileType = sourcecode.swift; path = FavoritesInteractor.swift; sourceTree = "<group>"; };
		E823AEDF255F0E4200CEC763 /* FavoritesPresenter.swift */ = {isa = PBXFileReference; lastKnownFileType = sourcecode.swift; path = FavoritesPresenter.swift; sourceTree = "<group>"; };
		E823AEE2255F0E5500CEC763 /* FavoritesRouter.swift */ = {isa = PBXFileReference; lastKnownFileType = sourcecode.swift; path = FavoritesRouter.swift; sourceTree = "<group>"; };
		E823AEE5255F0EAC00CEC763 /* FavoriteEmpty.swift */ = {isa = PBXFileReference; lastKnownFileType = sourcecode.swift; path = FavoriteEmpty.swift; sourceTree = "<group>"; };
		E823AEE8255F191000CEC763 /* Favorites.swift */ = {isa = PBXFileReference; lastKnownFileType = sourcecode.swift; path = Favorites.swift; sourceTree = "<group>"; };
		E823AEF1255F1F7700CEC763 /* AccountView.swift */ = {isa = PBXFileReference; lastKnownFileType = sourcecode.swift; path = AccountView.swift; sourceTree = "<group>"; };
		E823AEF5255F206800CEC763 /* AccountLauncher.swift */ = {isa = PBXFileReference; lastKnownFileType = sourcecode.swift; path = AccountLauncher.swift; sourceTree = "<group>"; };
		E823AEF8255F20FF00CEC763 /* AccountInteractor.swift */ = {isa = PBXFileReference; lastKnownFileType = sourcecode.swift; path = AccountInteractor.swift; sourceTree = "<group>"; };
		E823AEFB255F213A00CEC763 /* AccountPresenter.swift */ = {isa = PBXFileReference; lastKnownFileType = sourcecode.swift; path = AccountPresenter.swift; sourceTree = "<group>"; };
		E823AEFE255F214A00CEC763 /* Account.swift */ = {isa = PBXFileReference; lastKnownFileType = sourcecode.swift; path = Account.swift; sourceTree = "<group>"; };
		E823AF01255F215A00CEC763 /* AccountRouter.swift */ = {isa = PBXFileReference; lastKnownFileType = sourcecode.swift; path = AccountRouter.swift; sourceTree = "<group>"; };
		E82831F525715B8200F89465 /* UIView + Extensions.swift */ = {isa = PBXFileReference; lastKnownFileType = sourcecode.swift; path = "UIView + Extensions.swift"; sourceTree = "<group>"; };
		E82831FE25715E8A00F89465 /* CGFloat + extensions.swift */ = {isa = PBXFileReference; lastKnownFileType = sourcecode.swift; path = "CGFloat + extensions.swift"; sourceTree = "<group>"; };
		E8336DAB255DE76E008A8800 /* Autocomplete.swift */ = {isa = PBXFileReference; lastKnownFileType = sourcecode.swift; path = Autocomplete.swift; sourceTree = "<group>"; };
		E8336DAE255DE7BD008A8800 /* AutoCompleteView.swift */ = {isa = PBXFileReference; lastKnownFileType = sourcecode.swift; path = AutoCompleteView.swift; sourceTree = "<group>"; };
		E8336DB1255DEB15008A8800 /* AutoCompleteRouter.swift */ = {isa = PBXFileReference; lastKnownFileType = sourcecode.swift; path = AutoCompleteRouter.swift; sourceTree = "<group>"; };
		E8336DB5255DF260008A8800 /* String+Extensions.swift */ = {isa = PBXFileReference; lastKnownFileType = sourcecode.swift; path = "String+Extensions.swift"; sourceTree = "<group>"; };
		E8336DBE255DF2CB008A8800 /* Merchant.swift */ = {isa = PBXFileReference; lastKnownFileType = sourcecode.swift; path = Merchant.swift; sourceTree = "<group>"; };
		E8336DC1255E083B008A8800 /* View+Extensions.swift */ = {isa = PBXFileReference; lastKnownFileType = sourcecode.swift; path = "View+Extensions.swift"; sourceTree = "<group>"; };
		E8336DC4255E085B008A8800 /* Color+Extensions.swift */ = {isa = PBXFileReference; lastKnownFileType = sourcecode.swift; path = "Color+Extensions.swift"; sourceTree = "<group>"; };
		E8336DC7255E895A008A8800 /* Notification+Name.swift */ = {isa = PBXFileReference; lastKnownFileType = sourcecode.swift; path = "Notification+Name.swift"; sourceTree = "<group>"; };
		E8340E56257A57A100238C18 /* LayoutBuilder.swift */ = {isa = PBXFileReference; lastKnownFileType = sourcecode.swift; path = LayoutBuilder.swift; sourceTree = "<group>"; };
		E8340E59257A689E00238C18 /* ProductInfos.swift */ = {isa = PBXFileReference; lastKnownFileType = sourcecode.swift; path = ProductInfos.swift; sourceTree = "<group>"; };
		E8340E5C257A6EEE00238C18 /* PageVCWithOverlay.swift */ = {isa = PBXFileReference; lastKnownFileType = sourcecode.swift; path = PageVCWithOverlay.swift; sourceTree = "<group>"; };
		E8340E5F257A700700238C18 /* SliderViewController.swift */ = {isa = PBXFileReference; lastKnownFileType = sourcecode.swift; path = SliderViewController.swift; sourceTree = "<group>"; };
		E8340E62257A749400238C18 /* UIColor+Extensions.swift */ = {isa = PBXFileReference; lastKnownFileType = sourcecode.swift; path = "UIColor+Extensions.swift"; sourceTree = "<group>"; };
		E8340E65257A760900238C18 /* GalleryView.swift */ = {isa = PBXFileReference; lastKnownFileType = sourcecode.swift; path = GalleryView.swift; sourceTree = "<group>"; };
		E8340E68257A810700238C18 /* ProductInfosRouter.swift */ = {isa = PBXFileReference; lastKnownFileType = sourcecode.swift; path = ProductInfosRouter.swift; sourceTree = "<group>"; };
		E8340E72257A958100238C18 /* CartPreview.swift */ = {isa = PBXFileReference; lastKnownFileType = sourcecode.swift; path = CartPreview.swift; sourceTree = "<group>"; };
		E8340E76257A970000238C18 /* CartRouter.swift */ = {isa = PBXFileReference; lastKnownFileType = sourcecode.swift; path = CartRouter.swift; sourceTree = "<group>"; };
		E8340E79257AA0E800238C18 /* Model.swift */ = {isa = PBXFileReference; lastKnownFileType = sourcecode.swift; path = Model.swift; sourceTree = "<group>"; };
		E8340E7D257AA44900238C18 /* CartModelCell.swift */ = {isa = PBXFileReference; lastKnownFileType = sourcecode.swift; path = CartModelCell.swift; sourceTree = "<group>"; };
		E8340E7E257AA44900238C18 /* CartModelCell.xib */ = {isa = PBXFileReference; lastKnownFileType = file.xib; path = CartModelCell.xib; sourceTree = "<group>"; };
		E8340E83257AB36500238C18 /* FloatingButtonController.swift */ = {isa = PBXFileReference; lastKnownFileType = sourcecode.swift; path = FloatingButtonController.swift; sourceTree = "<group>"; };
		E85A4B5725740D61006A539B /* ShopHomeDescription.swift */ = {isa = PBXFileReference; lastKnownFileType = sourcecode.swift; path = ShopHomeDescription.swift; sourceTree = "<group>"; };
		E85A4B5A25740F15006A539B /* ProductsCell.swift */ = {isa = PBXFileReference; lastKnownFileType = sourcecode.swift; path = ProductsCell.swift; sourceTree = "<group>"; };
		E85A4B5B25740F15006A539B /* ProductsCell.xib */ = {isa = PBXFileReference; lastKnownFileType = file.xib; path = ProductsCell.xib; sourceTree = "<group>"; };
		E85C7A842567EBD80008BBCA /* CategoryCell.swift */ = {isa = PBXFileReference; lastKnownFileType = sourcecode.swift; path = CategoryCell.swift; sourceTree = "<group>"; };
		E85C7A852567EBD80008BBCA /* CategoryCell.xib */ = {isa = PBXFileReference; lastKnownFileType = file.xib; path = CategoryCell.xib; sourceTree = "<group>"; };
		E85C7A892567F15B0008BBCA /* AdsCell.swift */ = {isa = PBXFileReference; lastKnownFileType = sourcecode.swift; path = AdsCell.swift; sourceTree = "<group>"; };
		E85C7A8A2567F15B0008BBCA /* AdsCell.xib */ = {isa = PBXFileReference; lastKnownFileType = file.xib; path = AdsCell.xib; sourceTree = "<group>"; };
		E85C7A8E2567F2270008BBCA /* OffersCell.swift */ = {isa = PBXFileReference; lastKnownFileType = sourcecode.swift; path = OffersCell.swift; sourceTree = "<group>"; };
		E85C7A8F2567F2270008BBCA /* OffersCell.xib */ = {isa = PBXFileReference; lastKnownFileType = file.xib; path = OffersCell.xib; sourceTree = "<group>"; };
		E85C7A942567F35F0008BBCA /* BrandInsightCell.swift */ = {isa = PBXFileReference; lastKnownFileType = sourcecode.swift; path = BrandInsightCell.swift; sourceTree = "<group>"; };
		E85C7A952567F35F0008BBCA /* BrandInsightCell.xib */ = {isa = PBXFileReference; lastKnownFileType = file.xib; path = BrandInsightCell.xib; sourceTree = "<group>"; };
		E85C7A992567F4150008BBCA /* GoodSuggestionCell.swift */ = {isa = PBXFileReference; lastKnownFileType = sourcecode.swift; path = GoodSuggestionCell.swift; sourceTree = "<group>"; };
		E85C7A9A2567F4150008BBCA /* GoodSuggestionCell.xib */ = {isa = PBXFileReference; lastKnownFileType = file.xib; path = GoodSuggestionCell.xib; sourceTree = "<group>"; };
		E85C7A9E2567F9D00008BBCA /* ShopCell.swift */ = {isa = PBXFileReference; lastKnownFileType = sourcecode.swift; path = ShopCell.swift; sourceTree = "<group>"; };
		E85C7A9F2567F9D00008BBCA /* ShopCell.xib */ = {isa = PBXFileReference; lastKnownFileType = file.xib; path = ShopCell.xib; sourceTree = "<group>"; };
		E85C7AB02568128E0008BBCA /* LauncherController.swift */ = {isa = PBXFileReference; lastKnownFileType = sourcecode.swift; path = LauncherController.swift; sourceTree = "<group>"; };
		E85C7AB9256814360008BBCA /* AuthRouter.swift */ = {isa = PBXFileReference; lastKnownFileType = sourcecode.swift; path = AuthRouter.swift; sourceTree = "<group>"; };
		E85C7ABD256814540008BBCA /* Auth.swift */ = {isa = PBXFileReference; lastKnownFileType = sourcecode.swift; path = Auth.swift; sourceTree = "<group>"; };
		E85C7AC0256814680008BBCA /* AuthPresenter.swift */ = {isa = PBXFileReference; lastKnownFileType = sourcecode.swift; path = AuthPresenter.swift; sourceTree = "<group>"; };
		E85C7AC3256814770008BBCA /* AuthInteractor.swift */ = {isa = PBXFileReference; lastKnownFileType = sourcecode.swift; path = AuthInteractor.swift; sourceTree = "<group>"; };
		E85C7ACE25683A3A0008BBCA /* GoogleService-Info.plist */ = {isa = PBXFileReference; fileEncoding = 4; lastKnownFileType = text.plist.xml; path = "GoogleService-Info.plist"; sourceTree = "<group>"; };
		E85EC17D256708EB00B57732 /* UIImageview+Extensions.swift */ = {isa = PBXFileReference; lastKnownFileType = sourcecode.swift; path = "UIImageview+Extensions.swift"; sourceTree = "<group>"; };
		E872DAE2256D8589007903D4 /* SearchView.swift */ = {isa = PBXFileReference; lastKnownFileType = sourcecode.swift; path = SearchView.swift; sourceTree = "<group>"; };
		E872DAE6256D8753007903D4 /* SearchInteractor.swift */ = {isa = PBXFileReference; lastKnownFileType = sourcecode.swift; path = SearchInteractor.swift; sourceTree = "<group>"; };
		E872DAE9256D8763007903D4 /* SearchPresenter.swift */ = {isa = PBXFileReference; lastKnownFileType = sourcecode.swift; path = SearchPresenter.swift; sourceTree = "<group>"; };
		E872DAEC256D8771007903D4 /* SearchRouter.swift */ = {isa = PBXFileReference; lastKnownFileType = sourcecode.swift; path = SearchRouter.swift; sourceTree = "<group>"; };
		E8B2C0AF2572E1AD00664ABB /* HeaderView.swift */ = {isa = PBXFileReference; lastKnownFileType = sourcecode.swift; path = HeaderView.swift; sourceTree = "<group>"; };
		E8B2C0B32572E3A900664ABB /* ShopHome.swift */ = {isa = PBXFileReference; lastKnownFileType = sourcecode.swift; path = ShopHome.swift; sourceTree = "<group>"; };
		E8B2C0B72572EA7900664ABB /* ShopHomeRouter.swift */ = {isa = PBXFileReference; lastKnownFileType = sourcecode.swift; path = ShopHomeRouter.swift; sourceTree = "<group>"; };
		E8B2C0BA2573C3F300664ABB /* ShopHomeCell.swift */ = {isa = PBXFileReference; lastKnownFileType = sourcecode.swift; path = ShopHomeCell.swift; sourceTree = "<group>"; };
		E8B2C0BB2573C3F300664ABB /* ShopHomeCell.xib */ = {isa = PBXFileReference; lastKnownFileType = file.xib; path = ShopHomeCell.xib; sourceTree = "<group>"; };
		E8B2C0C02573CB6600664ABB /* CellHeaderView.swift */ = {isa = PBXFileReference; lastKnownFileType = sourcecode.swift; path = CellHeaderView.swift; sourceTree = "<group>"; };
		E8B2C0C42573EC2600664ABB /* ShopCategory.swift */ = {isa = PBXFileReference; lastKnownFileType = sourcecode.swift; path = ShopCategory.swift; sourceTree = "<group>"; };
		E8BE56FD256AADEB00147EA5 /* HeaderCell.swift */ = {isa = PBXFileReference; lastKnownFileType = sourcecode.swift; path = HeaderCell.swift; sourceTree = "<group>"; };
		E8BE56FE256AADEB00147EA5 /* HeaderCell.xib */ = {isa = PBXFileReference; lastKnownFileType = file.xib; path = HeaderCell.xib; sourceTree = "<group>"; };
		E8CF379025756FAC00A2143C /* Products.swift */ = {isa = PBXFileReference; lastKnownFileType = sourcecode.swift; path = Products.swift; sourceTree = "<group>"; };
		E8DFDAD9255B49EE0000AAA9 /* CovidMarketPlace.app */ = {isa = PBXFileReference; explicitFileType = wrapper.application; includeInIndex = 0; path = CovidMarketPlace.app; sourceTree = BUILT_PRODUCTS_DIR; };
		E8DFDADC255B49EE0000AAA9 /* AppDelegate.swift */ = {isa = PBXFileReference; lastKnownFileType = sourcecode.swift; path = AppDelegate.swift; sourceTree = "<group>"; };
		E8DFDADE255B49EE0000AAA9 /* SceneDelegate.swift */ = {isa = PBXFileReference; lastKnownFileType = sourcecode.swift; path = SceneDelegate.swift; sourceTree = "<group>"; };
		E8DFDAE0255B49EE0000AAA9 /* AuthView.swift */ = {isa = PBXFileReference; lastKnownFileType = sourcecode.swift; path = AuthView.swift; sourceTree = "<group>"; };
		E8DFDAE3255B49EE0000AAA9 /* Base */ = {isa = PBXFileReference; lastKnownFileType = file.storyboard; name = Base; path = Base.lproj/Main.storyboard; sourceTree = "<group>"; };
		E8DFDAE6255B49EE0000AAA9 /* CovidMarketPlace.xcdatamodel */ = {isa = PBXFileReference; lastKnownFileType = wrapper.xcdatamodel; path = CovidMarketPlace.xcdatamodel; sourceTree = "<group>"; };
		E8DFDAE8255B49F00000AAA9 /* Assets.xcassets */ = {isa = PBXFileReference; lastKnownFileType = folder.assetcatalog; path = Assets.xcassets; sourceTree = "<group>"; };
		E8DFDAEB255B49F00000AAA9 /* Base */ = {isa = PBXFileReference; lastKnownFileType = file.storyboard; name = Base; path = Base.lproj/LaunchScreen.storyboard; sourceTree = "<group>"; };
		E8DFDAED255B49F00000AAA9 /* Info.plist */ = {isa = PBXFileReference; lastKnownFileType = text.plist.xml; path = Info.plist; sourceTree = "<group>"; };
		E8DFDB04255BF40A0000AAA9 /* Landings.swift */ = {isa = PBXFileReference; lastKnownFileType = sourcecode.swift; path = Landings.swift; sourceTree = "<group>"; };
		E8DFDB0A255BFD850000AAA9 /* SMSVerificationView.swift */ = {isa = PBXFileReference; lastKnownFileType = sourcecode.swift; path = SMSVerificationView.swift; sourceTree = "<group>"; };
		E8DFDB0E255C04E30000AAA9 /* Int+Extensions.swift */ = {isa = PBXFileReference; lastKnownFileType = sourcecode.swift; path = "Int+Extensions.swift"; sourceTree = "<group>"; };
		E8DFDB11255C0DD40000AAA9 /* SMSRouter.swift */ = {isa = PBXFileReference; lastKnownFileType = sourcecode.swift; path = SMSRouter.swift; sourceTree = "<group>"; };
		E8DFDB14255C0F150000AAA9 /* SMSPresenter.swift */ = {isa = PBXFileReference; lastKnownFileType = sourcecode.swift; path = SMSPresenter.swift; sourceTree = "<group>"; };
		E8DFDB17255C10E80000AAA9 /* SMSInteractor.swift */ = {isa = PBXFileReference; lastKnownFileType = sourcecode.swift; path = SMSInteractor.swift; sourceTree = "<group>"; };
		E8DFDB22255C32A10000AAA9 /* PlaceRouter.swift */ = {isa = PBXFileReference; lastKnownFileType = sourcecode.swift; path = PlaceRouter.swift; sourceTree = "<group>"; };
		E8DFDB25255C32B50000AAA9 /* Location.swift */ = {isa = PBXFileReference; lastKnownFileType = sourcecode.swift; path = Location.swift; sourceTree = "<group>"; };
		E8DFDB28255C32C60000AAA9 /* PlacePresenter.swift */ = {isa = PBXFileReference; lastKnownFileType = sourcecode.swift; path = PlacePresenter.swift; sourceTree = "<group>"; };
		E8DFDB2B255C32D30000AAA9 /* PlaceInteractor.swift */ = {isa = PBXFileReference; lastKnownFileType = sourcecode.swift; path = PlaceInteractor.swift; sourceTree = "<group>"; };
		E8DFDB2E255C32EE0000AAA9 /* PlaceView.swift */ = {isa = PBXFileReference; lastKnownFileType = sourcecode.swift; path = PlaceView.swift; sourceTree = "<group>"; };
		E8DFDB33255C50B70000AAA9 /* Utils.swift */ = {isa = PBXFileReference; lastKnownFileType = sourcecode.swift; path = Utils.swift; sourceTree = "<group>"; };
		EF4C1C676804510A5EAD0966 /* Pods-CovidMarketPlace.debug.xcconfig */ = {isa = PBXFileReference; includeInIndex = 1; lastKnownFileType = text.xcconfig; name = "Pods-CovidMarketPlace.debug.xcconfig"; path = "Target Support Files/Pods-CovidMarketPlace/Pods-CovidMarketPlace.debug.xcconfig"; sourceTree = "<group>"; };
/* End PBXFileReference section */

/* Begin PBXFrameworksBuildPhase section */
		E8DFDAD6255B49EE0000AAA9 /* Frameworks */ = {
			isa = PBXFrameworksBuildPhase;
			buildActionMask = 2147483647;
			files = (
				8F3C2A6A5D648EE2DC6F7F44 /* Pods_CovidMarketPlace.framework in Frameworks */,
			);
			runOnlyForDeploymentPostprocessing = 0;
		};
/* End PBXFrameworksBuildPhase section */

/* Begin PBXGroup section */
		E4702C7AADD697C4DC6D7F11 /* Frameworks */ = {
			isa = PBXGroup;
			children = (
				59FA914DAD1F08DFD2665691 /* Pods_CovidMarketPlace.framework */,
			);
			name = Frameworks;
			sourceTree = "<group>";
		};
		E48E6B7C3AFAD0B2DDD0CF81 /* Pods */ = {
			isa = PBXGroup;
			children = (
				EF4C1C676804510A5EAD0966 /* Pods-CovidMarketPlace.debug.xcconfig */,
				BEE6626206CA5C4C21BAAEC8 /* Pods-CovidMarketPlace.release.xcconfig */,
			);
			path = Pods;
			sourceTree = "<group>";
		};
		E823AEC6255EE8ED00CEC763 /* ViewControllers */ = {
			isa = PBXGroup;
			children = (
				E8DFDADC255B49EE0000AAA9 /* AppDelegate.swift */,
				E8DFDADE255B49EE0000AAA9 /* SceneDelegate.swift */,
				E85C7AB02568128E0008BBCA /* LauncherController.swift */,
			);
			path = ViewControllers;
			sourceTree = "<group>";
		};
		E823AECE255F0D4B00CEC763 /* Favorites */ = {
			isa = PBXGroup;
			children = (
				E823AED4255F0DAF00CEC763 /* Router */,
				E823AED3255F0DA900CEC763 /* Entity */,
				E823AED1255F0D6300CEC763 /* Presenter */,
				E823AED0255F0D5B00CEC763 /* Interactor */,
				E823AECF255F0D5500CEC763 /* view */,
			);
			path = Favorites;
			sourceTree = "<group>";
		};
		E823AECF255F0D5500CEC763 /* view */ = {
			isa = PBXGroup;
			children = (
				E823AED5255F0DE200CEC763 /* FavoritesLauncher.swift */,
				E823AED9255F0DFC00CEC763 /* FavoritesView.swift */,
				E823AEE5255F0EAC00CEC763 /* FavoriteEmpty.swift */,
			);
			path = view;
			sourceTree = "<group>";
		};
		E823AED0255F0D5B00CEC763 /* Interactor */ = {
			isa = PBXGroup;
			children = (
				E823AEDC255F0E2E00CEC763 /* FavoritesInteractor.swift */,
			);
			path = Interactor;
			sourceTree = "<group>";
		};
		E823AED1255F0D6300CEC763 /* Presenter */ = {
			isa = PBXGroup;
			children = (
				E823AEDF255F0E4200CEC763 /* FavoritesPresenter.swift */,
			);
			path = Presenter;
			sourceTree = "<group>";
		};
		E823AED3255F0DA900CEC763 /* Entity */ = {
			isa = PBXGroup;
			children = (
				E823AEE8255F191000CEC763 /* Favorites.swift */,
			);
			path = Entity;
			sourceTree = "<group>";
		};
		E823AED4255F0DAF00CEC763 /* Router */ = {
			isa = PBXGroup;
			children = (
				E823AEE2255F0E5500CEC763 /* FavoritesRouter.swift */,
			);
			path = Router;
			sourceTree = "<group>";
		};
		E823AEEB255F1F2600CEC763 /* Account */ = {
			isa = PBXGroup;
			children = (
				E823AEF0255F1F5B00CEC763 /* Router */,
				E823AEEF255F1F5400CEC763 /* Entity */,
				E823AEEE255F1F4500CEC763 /* Presenter */,
				E823AEED255F1F3B00CEC763 /* Interactor */,
				E823AEEC255F1F3400CEC763 /* View */,
			);
			path = Account;
			sourceTree = "<group>";
		};
		E823AEEC255F1F3400CEC763 /* View */ = {
			isa = PBXGroup;
			children = (
				E823AEF1255F1F7700CEC763 /* AccountView.swift */,
				E823AEF5255F206800CEC763 /* AccountLauncher.swift */,
			);
			path = View;
			sourceTree = "<group>";
		};
		E823AEED255F1F3B00CEC763 /* Interactor */ = {
			isa = PBXGroup;
			children = (
				E823AEF8255F20FF00CEC763 /* AccountInteractor.swift */,
			);
			path = Interactor;
			sourceTree = "<group>";
		};
		E823AEEE255F1F4500CEC763 /* Presenter */ = {
			isa = PBXGroup;
			children = (
				E823AEFB255F213A00CEC763 /* AccountPresenter.swift */,
			);
			path = Presenter;
			sourceTree = "<group>";
		};
		E823AEEF255F1F5400CEC763 /* Entity */ = {
			isa = PBXGroup;
			children = (
				E823AEFE255F214A00CEC763 /* Account.swift */,
			);
			path = Entity;
			sourceTree = "<group>";
		};
		E823AEF0255F1F5B00CEC763 /* Router */ = {
			isa = PBXGroup;
			children = (
				E823AF01255F215A00CEC763 /* AccountRouter.swift */,
			);
			path = Router;
			sourceTree = "<group>";
		};
		E823AF04255F294000CEC763 /* cells */ = {
			isa = PBXGroup;
			children = (
				E85C7A892567F15B0008BBCA /* AdsCell.swift */,
				E85C7A8A2567F15B0008BBCA /* AdsCell.xib */,
				E85C7A842567EBD80008BBCA /* CategoryCell.swift */,
				E85C7A852567EBD80008BBCA /* CategoryCell.xib */,
				E85C7A8E2567F2270008BBCA /* OffersCell.swift */,
				E85C7A8F2567F2270008BBCA /* OffersCell.xib */,
				E85C7A942567F35F0008BBCA /* BrandInsightCell.swift */,
				E85C7A952567F35F0008BBCA /* BrandInsightCell.xib */,
				E85C7A992567F4150008BBCA /* GoodSuggestionCell.swift */,
				E85C7A9A2567F4150008BBCA /* GoodSuggestionCell.xib */,
				E85C7A9E2567F9D00008BBCA /* ShopCell.swift */,
				E85C7A9F2567F9D00008BBCA /* ShopCell.xib */,
				E8BE56FD256AADEB00147EA5 /* HeaderCell.swift */,
				E8BE56FE256AADEB00147EA5 /* HeaderCell.xib */,
			);
			path = cells;
			sourceTree = "<group>";
		};
		E8336DA4255DE6F4008A8800 /* AutoComplete */ = {
			isa = PBXGroup;
			children = (
				E8336DAA255DE739008A8800 /* Router */,
				E8336DA9255DE732008A8800 /* Entity */,
				E8336DA6255DE70D008A8800 /* View */,
			);
			path = AutoComplete;
			sourceTree = "<group>";
		};
		E8336DA6255DE70D008A8800 /* View */ = {
			isa = PBXGroup;
			children = (
				E8336DAE255DE7BD008A8800 /* AutoCompleteView.swift */,
			);
			path = View;
			sourceTree = "<group>";
		};
		E8336DA9255DE732008A8800 /* Entity */ = {
			isa = PBXGroup;
			children = (
				E8336DAB255DE76E008A8800 /* Autocomplete.swift */,
			);
			path = Entity;
			sourceTree = "<group>";
		};
		E8336DAA255DE739008A8800 /* Router */ = {
			isa = PBXGroup;
			children = (
				E8336DB1255DEB15008A8800 /* AutoCompleteRouter.swift */,
			);
			path = Router;
			sourceTree = "<group>";
		};
		E8336DB8255DF281008A8800 /* Home */ = {
			isa = PBXGroup;
			children = (
				E8336DBD255DF2BA008A8800 /* Router */,
				E8336DBC255DF2B4008A8800 /* Entity */,
				E8336DBB255DF2AD008A8800 /* Presenter */,
				E8336DBA255DF2A1008A8800 /* Interactor */,
				E8336DB9255DF29A008A8800 /* View */,
			);
			path = Home;
			sourceTree = "<group>";
		};
		E8336DB9255DF29A008A8800 /* View */ = {
			isa = PBXGroup;
			children = (
				E823AF04255F294000CEC763 /* cells */,
				E823AECB255EF27700CEC763 /* HomeView.swift */,
				E823AEC7255EE96A00CEC763 /* MainViewController.swift */,
			);
			path = View;
			sourceTree = "<group>";
		};
		E8336DBA255DF2A1008A8800 /* Interactor */ = {
			isa = PBXGroup;
			children = (
			);
			path = Interactor;
			sourceTree = "<group>";
		};
		E8336DBB255DF2AD008A8800 /* Presenter */ = {
			isa = PBXGroup;
			children = (
			);
			path = Presenter;
			sourceTree = "<group>";
		};
		E8336DBC255DF2B4008A8800 /* Entity */ = {
			isa = PBXGroup;
			children = (
				E8336DBE255DF2CB008A8800 /* Merchant.swift */,
			);
			path = Entity;
			sourceTree = "<group>";
		};
		E8336DBD255DF2BA008A8800 /* Router */ = {
			isa = PBXGroup;
			children = (
			);
			path = Router;
			sourceTree = "<group>";
		};
		E8340E55257A578800238C18 /* Builder */ = {
			isa = PBXGroup;
			children = (
				E8340E56257A57A100238C18 /* LayoutBuilder.swift */,
			);
			path = Builder;
			sourceTree = "<group>";
		};
		E8340E6C257A94D100238C18 /* Cart */ = {
			isa = PBXGroup;
			children = (
				E8340E71257A94FB00238C18 /* Router */,
				E8340E70257A94F300238C18 /* Entity */,
				E8340E6F257A94EC00238C18 /* Presenter */,
				E8340E6E257A94E200238C18 /* Interactor */,
				E8340E6D257A94D900238C18 /* View */,
			);
			path = Cart;
			sourceTree = "<group>";
		};
		E8340E6D257A94D900238C18 /* View */ = {
			isa = PBXGroup;
			children = (
				E8340E7C257AA41E00238C18 /* Cells */,
				E8340E72257A958100238C18 /* CartPreview.swift */,
			);
			path = View;
			sourceTree = "<group>";
		};
		E8340E6E257A94E200238C18 /* Interactor */ = {
			isa = PBXGroup;
			children = (
			);
			path = Interactor;
			sourceTree = "<group>";
		};
		E8340E6F257A94EC00238C18 /* Presenter */ = {
			isa = PBXGroup;
			children = (
			);
			path = Presenter;
			sourceTree = "<group>";
		};
		E8340E70257A94F300238C18 /* Entity */ = {
			isa = PBXGroup;
			children = (
				E8340E79257AA0E800238C18 /* Model.swift */,
			);
			path = Entity;
			sourceTree = "<group>";
		};
		E8340E71257A94FB00238C18 /* Router */ = {
			isa = PBXGroup;
			children = (
				E8340E76257A970000238C18 /* CartRouter.swift */,
			);
			path = Router;
			sourceTree = "<group>";
		};
		E8340E7C257AA41E00238C18 /* Cells */ = {
			isa = PBXGroup;
			children = (
				E8340E7D257AA44900238C18 /* CartModelCell.swift */,
				E8340E7E257AA44900238C18 /* CartModelCell.xib */,
			);
			path = Cells;
			sourceTree = "<group>";
		};
		E85C7AB3256813E40008BBCA /* Authentication */ = {
			isa = PBXGroup;
			children = (
				E85C7AB8256814210008BBCA /* Router */,
				E85C7AB7256814190008BBCA /* Entity */,
				E85C7AB6256814020008BBCA /* Presenter */,
				E85C7AB5256813F60008BBCA /* Interactor */,
				E85C7AB4256813F00008BBCA /* View */,
			);
			path = Authentication;
			sourceTree = "<group>";
		};
		E85C7AB4256813F00008BBCA /* View */ = {
			isa = PBXGroup;
			children = (
				E8DFDAE0255B49EE0000AAA9 /* AuthView.swift */,
			);
			path = View;
			sourceTree = "<group>";
		};
		E85C7AB5256813F60008BBCA /* Interactor */ = {
			isa = PBXGroup;
			children = (
				E85C7AC3256814770008BBCA /* AuthInteractor.swift */,
			);
			path = Interactor;
			sourceTree = "<group>";
		};
		E85C7AB6256814020008BBCA /* Presenter */ = {
			isa = PBXGroup;
			children = (
				E85C7AC0256814680008BBCA /* AuthPresenter.swift */,
			);
			path = Presenter;
			sourceTree = "<group>";
		};
		E85C7AB7256814190008BBCA /* Entity */ = {
			isa = PBXGroup;
			children = (
				E85C7ABD256814540008BBCA /* Auth.swift */,
			);
			path = Entity;
			sourceTree = "<group>";
		};
		E85C7AB8256814210008BBCA /* Router */ = {
			isa = PBXGroup;
			children = (
				E85C7AB9256814360008BBCA /* AuthRouter.swift */,
			);
			path = Router;
			sourceTree = "<group>";
		};
		E872DADC256D8514007903D4 /* Search */ = {
			isa = PBXGroup;
			children = (
				E872DAE1256D8544007903D4 /* Router */,
				E872DAE0256D853D007903D4 /* Entity */,
				E872DADF256D8535007903D4 /* Presenter */,
				E872DADE256D8527007903D4 /* Interactor */,
				E872DADD256D8520007903D4 /* View */,
			);
			path = Search;
			sourceTree = "<group>";
		};
		E872DADD256D8520007903D4 /* View */ = {
			isa = PBXGroup;
			children = (
				E872DAE2256D8589007903D4 /* SearchView.swift */,
			);
			path = View;
			sourceTree = "<group>";
		};
		E872DADE256D8527007903D4 /* Interactor */ = {
			isa = PBXGroup;
			children = (
				E872DAE6256D8753007903D4 /* SearchInteractor.swift */,
			);
			path = Interactor;
			sourceTree = "<group>";
		};
		E872DADF256D8535007903D4 /* Presenter */ = {
			isa = PBXGroup;
			children = (
				E872DAE9256D8763007903D4 /* SearchPresenter.swift */,
			);
			path = Presenter;
			sourceTree = "<group>";
		};
		E872DAE0256D853D007903D4 /* Entity */ = {
			isa = PBXGroup;
			children = (
			);
			path = Entity;
			sourceTree = "<group>";
		};
		E872DAE1256D8544007903D4 /* Router */ = {
			isa = PBXGroup;
			children = (
				E872DAEC256D8771007903D4 /* SearchRouter.swift */,
			);
			path = Router;
			sourceTree = "<group>";
		};
		E872DAEF256D8A53007903D4 /* Shop */ = {
			isa = PBXGroup;
			children = (
				E8340E55257A578800238C18 /* Builder */,
				E872DAF4256D8A86007903D4 /* Router */,
				E872DAF3256D8A7F007903D4 /* Entity */,
				E872DAF2256D8A74007903D4 /* Presenter */,
				E872DAF1256D8A69007903D4 /* Interactor */,
				E872DAF0256D8A5C007903D4 /* View */,
			);
			path = Shop;
			sourceTree = "<group>";
		};
		E872DAF0256D8A5C007903D4 /* View */ = {
			isa = PBXGroup;
			children = (
				E8B2C0B22572E34400664ABB /* cells */,
				E8B2C0B32572E3A900664ABB /* ShopHome.swift */,
				E85A4B5725740D61006A539B /* ShopHomeDescription.swift */,
				E81E0BD82576CB3D000F3F63 /* ProductView.swift */,
				E8340E59257A689E00238C18 /* ProductInfos.swift */,
				E8340E5F257A700700238C18 /* SliderViewController.swift */,
				E8340E65257A760900238C18 /* GalleryView.swift */,
			);
			path = View;
			sourceTree = "<group>";
		};
		E872DAF1256D8A69007903D4 /* Interactor */ = {
			isa = PBXGroup;
			children = (
			);
			path = Interactor;
			sourceTree = "<group>";
		};
		E872DAF2256D8A74007903D4 /* Presenter */ = {
			isa = PBXGroup;
			children = (
			);
			path = Presenter;
			sourceTree = "<group>";
		};
		E872DAF3256D8A7F007903D4 /* Entity */ = {
			isa = PBXGroup;
			children = (
				E8B2C0C42573EC2600664ABB /* ShopCategory.swift */,
				E8CF379025756FAC00A2143C /* Products.swift */,
			);
			path = Entity;
			sourceTree = "<group>";
		};
		E872DAF4256D8A86007903D4 /* Router */ = {
			isa = PBXGroup;
			children = (
				E8B2C0B72572EA7900664ABB /* ShopHomeRouter.swift */,
				E8340E68257A810700238C18 /* ProductInfosRouter.swift */,
			);
			path = Router;
			sourceTree = "<group>";
		};
		E8B2C0B22572E34400664ABB /* cells */ = {
			isa = PBXGroup;
			children = (
				E8B2C0AF2572E1AD00664ABB /* HeaderView.swift */,
				E8B2C0BA2573C3F300664ABB /* ShopHomeCell.swift */,
				E8B2C0BB2573C3F300664ABB /* ShopHomeCell.xib */,
				E8B2C0C02573CB6600664ABB /* CellHeaderView.swift */,
				E85A4B5A25740F15006A539B /* ProductsCell.swift */,
				E85A4B5B25740F15006A539B /* ProductsCell.xib */,
				E81E0BDB2576CDE4000F3F63 /* productImgCell.swift */,
				E81E0BDC2576CDE4000F3F63 /* productImgCell.xib */,
				E81E0BE02576CEC5000F3F63 /* ProductTitle.swift */,
				E81E0BE12576CEC5000F3F63 /* ProductTitle.xib */,
				E81E0BE52576D517000F3F63 /* ProductPriceCell.swift */,
				E81E0BE62576D517000F3F63 /* ProductPriceCell.xib */,
				E81E0BEA2576D7A0000F3F63 /* ProductDescription.swift */,
				E81E0BEB2576D7A0000F3F63 /* ProductDescription.xib */,
				E81E0BEF2576E6FE000F3F63 /* ProductSelection.swift */,
				E81E0BF02576E6FE000F3F63 /* ProductSelection.xib */,
			);
			path = cells;
			sourceTree = "<group>";
		};
		E8DFDAD0255B49EE0000AAA9 = {
			isa = PBXGroup;
			children = (
				E8DFDADB255B49EE0000AAA9 /* CovidMarketPlace */,
				E8DFDADA255B49EE0000AAA9 /* Products */,
				E48E6B7C3AFAD0B2DDD0CF81 /* Pods */,
				E4702C7AADD697C4DC6D7F11 /* Frameworks */,
			);
			sourceTree = "<group>";
		};
		E8DFDADA255B49EE0000AAA9 /* Products */ = {
			isa = PBXGroup;
			children = (
				E8DFDAD9255B49EE0000AAA9 /* CovidMarketPlace.app */,
			);
			name = Products;
			sourceTree = "<group>";
		};
		E8DFDADB255B49EE0000AAA9 /* CovidMarketPlace */ = {
			isa = PBXGroup;
			children = (
				E8340E6C257A94D100238C18 /* Cart */,
				E872DAEF256D8A53007903D4 /* Shop */,
				E872DADC256D8514007903D4 /* Search */,
				E85C7AB3256813E40008BBCA /* Authentication */,
				E823AEEB255F1F2600CEC763 /* Account */,
				E8DFDAE8255B49F00000AAA9 /* Assets.xcassets */,
				E8336DA4255DE6F4008A8800 /* AutoComplete */,
				E8DFDB31255C509E0000AAA9 /* Components */,
				E8DFDAE5255B49EE0000AAA9 /* CovidMarketPlace.xcdatamodeld */,
				E8DFDB0D255C04D10000AAA9 /* Extensions */,
				E823AECE255F0D4B00CEC763 /* Favorites */,
				E8336DB8255DF281008A8800 /* Home */,
				E8DFDAED255B49F00000AAA9 /* Info.plist */,
				E85C7ACE25683A3A0008BBCA /* GoogleService-Info.plist */,
				E8DFDAF4255BF35F0000AAA9 /* SMS */,
				E8DFDAEA255B49F00000AAA9 /* LaunchScreen.storyboard */,
				E8DFDAE2255B49EE0000AAA9 /* Main.storyboard */,
				E8DFDB1C255C323F0000AAA9 /* PlaceLocation */,
				E823AEC6255EE8ED00CEC763 /* ViewControllers */,
			);
			path = CovidMarketPlace;
			sourceTree = "<group>";
		};
		E8DFDAF4255BF35F0000AAA9 /* SMS */ = {
			isa = PBXGroup;
			children = (
				E8DFDAFD255BF3C40000AAA9 /* Router */,
				E8DFDAFC255BF3B20000AAA9 /* Entity */,
				E8DFDAFB255BF3AB0000AAA9 /* Presenter */,
				E8DFDAFA255BF39A0000AAA9 /* Interactor */,
				E8DFDAF8255BF3920000AAA9 /* View */,
			);
			path = SMS;
			sourceTree = "<group>";
		};
		E8DFDAF8255BF3920000AAA9 /* View */ = {
			isa = PBXGroup;
			children = (
				E8DFDB0A255BFD850000AAA9 /* SMSVerificationView.swift */,
			);
			path = View;
			sourceTree = "<group>";
		};
		E8DFDAFA255BF39A0000AAA9 /* Interactor */ = {
			isa = PBXGroup;
			children = (
				E8DFDB17255C10E80000AAA9 /* SMSInteractor.swift */,
			);
			path = Interactor;
			sourceTree = "<group>";
		};
		E8DFDAFB255BF3AB0000AAA9 /* Presenter */ = {
			isa = PBXGroup;
			children = (
				E8DFDB14255C0F150000AAA9 /* SMSPresenter.swift */,
			);
			path = Presenter;
			sourceTree = "<group>";
		};
		E8DFDAFC255BF3B20000AAA9 /* Entity */ = {
			isa = PBXGroup;
			children = (
				E8DFDB04255BF40A0000AAA9 /* Landings.swift */,
			);
			path = Entity;
			sourceTree = "<group>";
		};
		E8DFDAFD255BF3C40000AAA9 /* Router */ = {
			isa = PBXGroup;
			children = (
				E8DFDB11255C0DD40000AAA9 /* SMSRouter.swift */,
			);
			path = Router;
			sourceTree = "<group>";
		};
		E8DFDB0D255C04D10000AAA9 /* Extensions */ = {
			isa = PBXGroup;
			children = (
				E8DFDB0E255C04E30000AAA9 /* Int+Extensions.swift */,
				E8336DB5255DF260008A8800 /* String+Extensions.swift */,
				E8336DC1255E083B008A8800 /* View+Extensions.swift */,
				E8336DC4255E085B008A8800 /* Color+Extensions.swift */,
				E8336DC7255E895A008A8800 /* Notification+Name.swift */,
				E85EC17D256708EB00B57732 /* UIImageview+Extensions.swift */,
				E82831F525715B8200F89465 /* UIView + Extensions.swift */,
				E82831FE25715E8A00F89465 /* CGFloat + extensions.swift */,
				E8340E62257A749400238C18 /* UIColor+Extensions.swift */,
			);
			path = Extensions;
			sourceTree = "<group>";
		};
		E8DFDB1C255C323F0000AAA9 /* PlaceLocation */ = {
			isa = PBXGroup;
			children = (
				E8DFDB21255C327C0000AAA9 /* Router */,
				E8DFDB20255C32740000AAA9 /* Entity */,
				E8DFDB1F255C32690000AAA9 /* Presenter */,
				E8DFDB1E255C32610000AAA9 /* Interactor */,
				E8DFDB1D255C325A0000AAA9 /* View */,
			);
			path = PlaceLocation;
			sourceTree = "<group>";
		};
		E8DFDB1D255C325A0000AAA9 /* View */ = {
			isa = PBXGroup;
			children = (
				E8DFDB2E255C32EE0000AAA9 /* PlaceView.swift */,
			);
			path = View;
			sourceTree = "<group>";
		};
		E8DFDB1E255C32610000AAA9 /* Interactor */ = {
			isa = PBXGroup;
			children = (
				E8DFDB2B255C32D30000AAA9 /* PlaceInteractor.swift */,
			);
			path = Interactor;
			sourceTree = "<group>";
		};
		E8DFDB1F255C32690000AAA9 /* Presenter */ = {
			isa = PBXGroup;
			children = (
				E8DFDB28255C32C60000AAA9 /* PlacePresenter.swift */,
			);
			path = Presenter;
			sourceTree = "<group>";
		};
		E8DFDB20255C32740000AAA9 /* Entity */ = {
			isa = PBXGroup;
			children = (
				E8DFDB25255C32B50000AAA9 /* Location.swift */,
			);
			path = Entity;
			sourceTree = "<group>";
		};
		E8DFDB21255C327C0000AAA9 /* Router */ = {
			isa = PBXGroup;
			children = (
				E8DFDB22255C32A10000AAA9 /* PlaceRouter.swift */,
			);
			path = Router;
			sourceTree = "<group>";
		};
		E8DFDB31255C509E0000AAA9 /* Components */ = {
			isa = PBXGroup;
			children = (
				E8DFDB32255C50A70000AAA9 /* Helper */,
			);
			path = Components;
			sourceTree = "<group>";
		};
		E8DFDB32255C50A70000AAA9 /* Helper */ = {
			isa = PBXGroup;
			children = (
				E8DFDB33255C50B70000AAA9 /* Utils.swift */,
				E8340E5C257A6EEE00238C18 /* PageVCWithOverlay.swift */,
				E8340E83257AB36500238C18 /* FloatingButtonController.swift */,
			);
			path = Helper;
			sourceTree = "<group>";
		};
/* End PBXGroup section */

/* Begin PBXNativeTarget section */
		E8DFDAD8255B49EE0000AAA9 /* CovidMarketPlace */ = {
			isa = PBXNativeTarget;
			buildConfigurationList = E8DFDAF0255B49F00000AAA9 /* Build configuration list for PBXNativeTarget "CovidMarketPlace" */;
			buildPhases = (
				0654D50EF61167BE81890C40 /* [CP] Check Pods Manifest.lock */,
				E8DFDAD5255B49EE0000AAA9 /* Sources */,
				E8DFDAD6255B49EE0000AAA9 /* Frameworks */,
				E8DFDAD7255B49EE0000AAA9 /* Resources */,
				2E68A707349B30493F6B61D1 /* [CP] Embed Pods Frameworks */,
			);
			buildRules = (
			);
			dependencies = (
			);
			name = CovidMarketPlace;
			productName = CovidMarketPlace;
			productReference = E8DFDAD9255B49EE0000AAA9 /* CovidMarketPlace.app */;
			productType = "com.apple.product-type.application";
		};
/* End PBXNativeTarget section */

/* Begin PBXProject section */
		E8DFDAD1255B49EE0000AAA9 /* Project object */ = {
			isa = PBXProject;
			attributes = {
				LastSwiftUpdateCheck = 1210;
				LastUpgradeCheck = 1210;
				TargetAttributes = {
					E8DFDAD8255B49EE0000AAA9 = {
						CreatedOnToolsVersion = 12.1;
					};
				};
			};
			buildConfigurationList = E8DFDAD4255B49EE0000AAA9 /* Build configuration list for PBXProject "CovidMarketPlace" */;
			compatibilityVersion = "Xcode 9.3";
			developmentRegion = en;
			hasScannedForEncodings = 0;
			knownRegions = (
				en,
				Base,
			);
			mainGroup = E8DFDAD0255B49EE0000AAA9;
			productRefGroup = E8DFDADA255B49EE0000AAA9 /* Products */;
			projectDirPath = "";
			projectRoot = "";
			targets = (
				E8DFDAD8255B49EE0000AAA9 /* CovidMarketPlace */,
			);
		};
/* End PBXProject section */

/* Begin PBXResourcesBuildPhase section */
		E8DFDAD7255B49EE0000AAA9 /* Resources */ = {
			isa = PBXResourcesBuildPhase;
			buildActionMask = 2147483647;
			files = (
				E8B2C0BD2573C3F300664ABB /* ShopHomeCell.xib in Resources */,
				E81E0BDE2576CDE4000F3F63 /* productImgCell.xib in Resources */,
				E81E0BE32576CEC5000F3F63 /* ProductTitle.xib in Resources */,
				E85C7A9C2567F4150008BBCA /* GoodSuggestionCell.xib in Resources */,
				E85A4B5D25740F15006A539B /* ProductsCell.xib in Resources */,
				E8DFDAEC255B49F00000AAA9 /* LaunchScreen.storyboard in Resources */,
				E85C7AA12567F9D00008BBCA /* ShopCell.xib in Resources */,
				E8DFDAE9255B49F00000AAA9 /* Assets.xcassets in Resources */,
				E85C7A912567F2270008BBCA /* OffersCell.xib in Resources */,
				E81E0BED2576D7A0000F3F63 /* ProductDescription.xib in Resources */,
				E81E0BE82576D517000F3F63 /* ProductPriceCell.xib in Resources */,
				E85C7A972567F35F0008BBCA /* BrandInsightCell.xib in Resources */,
				E85C7A8C2567F15B0008BBCA /* AdsCell.xib in Resources */,
				E85C7ACF25683A3A0008BBCA /* GoogleService-Info.plist in Resources */,
				E81E0BF22576E6FE000F3F63 /* ProductSelection.xib in Resources */,
				E8DFDAE4255B49EE0000AAA9 /* Main.storyboard in Resources */,
				E85C7A872567EBD80008BBCA /* CategoryCell.xib in Resources */,
				E8BE5700256AADEB00147EA5 /* HeaderCell.xib in Resources */,
				E8340E80257AA44900238C18 /* CartModelCell.xib in Resources */,
			);
			runOnlyForDeploymentPostprocessing = 0;
		};
/* End PBXResourcesBuildPhase section */

/* Begin PBXShellScriptBuildPhase section */
		0654D50EF61167BE81890C40 /* [CP] Check Pods Manifest.lock */ = {
			isa = PBXShellScriptBuildPhase;
			buildActionMask = 2147483647;
			files = (
			);
			inputFileListPaths = (
			);
			inputPaths = (
				"${PODS_PODFILE_DIR_PATH}/Podfile.lock",
				"${PODS_ROOT}/Manifest.lock",
			);
			name = "[CP] Check Pods Manifest.lock";
			outputFileListPaths = (
			);
			outputPaths = (
				"$(DERIVED_FILE_DIR)/Pods-CovidMarketPlace-checkManifestLockResult.txt",
			);
			runOnlyForDeploymentPostprocessing = 0;
			shellPath = /bin/sh;
			shellScript = "diff \"${PODS_PODFILE_DIR_PATH}/Podfile.lock\" \"${PODS_ROOT}/Manifest.lock\" > /dev/null\nif [ $? != 0 ] ; then\n    # print error to STDERR\n    echo \"error: The sandbox is not in sync with the Podfile.lock. Run 'pod install' or update your CocoaPods installation.\" >&2\n    exit 1\nfi\n# This output is used by Xcode 'outputs' to avoid re-running this script phase.\necho \"SUCCESS\" > \"${SCRIPT_OUTPUT_FILE_0}\"\n";
			showEnvVarsInLog = 0;
		};
		2E68A707349B30493F6B61D1 /* [CP] Embed Pods Frameworks */ = {
			isa = PBXShellScriptBuildPhase;
			buildActionMask = 2147483647;
			files = (
			);
			inputFileListPaths = (
				"${PODS_ROOT}/Target Support Files/Pods-CovidMarketPlace/Pods-CovidMarketPlace-frameworks-${CONFIGURATION}-input-files.xcfilelist",
			);
			name = "[CP] Embed Pods Frameworks";
			outputFileListPaths = (
				"${PODS_ROOT}/Target Support Files/Pods-CovidMarketPlace/Pods-CovidMarketPlace-frameworks-${CONFIGURATION}-output-files.xcfilelist",
			);
			runOnlyForDeploymentPostprocessing = 0;
			shellPath = /bin/sh;
			shellScript = "\"${PODS_ROOT}/Target Support Files/Pods-CovidMarketPlace/Pods-CovidMarketPlace-frameworks.sh\"\n";
			showEnvVarsInLog = 0;
		};
/* End PBXShellScriptBuildPhase section */

/* Begin PBXSourcesBuildPhase section */
		E8DFDAD5255B49EE0000AAA9 /* Sources */ = {
			isa = PBXSourcesBuildPhase;
			buildActionMask = 2147483647;
			files = (
				E8B2C0BC2573C3F300664ABB /* ShopHomeCell.swift in Sources */,
				E8DFDAE1255B49EE0000AAA9 /* AuthView.swift in Sources */,
				E81E0BE22576CEC5000F3F63 /* ProductTitle.swift in Sources */,
				E823AEE6255F0EAC00CEC763 /* FavoriteEmpty.swift in Sources */,
				E8336DB6255DF260008A8800 /* String+Extensions.swift in Sources */,
				E81E0BD92576CB3D000F3F63 /* ProductView.swift in Sources */,
				E85EC17E256708EB00B57732 /* UIImageview+Extensions.swift in Sources */,
				E8B2C0C52573EC2600664ABB /* ShopCategory.swift in Sources */,
				E8B2C0B42572E3A900664ABB /* ShopHome.swift in Sources */,
				E8BE56FF256AADEB00147EA5 /* HeaderCell.swift in Sources */,
				E823AEDD255F0E2E00CEC763 /* FavoritesInteractor.swift in Sources */,
				E82831FF25715E8A00F89465 /* CGFloat + extensions.swift in Sources */,
				E8336DC8255E895A008A8800 /* Notification+Name.swift in Sources */,
				E85A4B5C25740F15006A539B /* ProductsCell.swift in Sources */,
				E8DFDB15255C0F150000AAA9 /* SMSPresenter.swift in Sources */,
				E8340E73257A958100238C18 /* CartPreview.swift in Sources */,
				E85C7A9B2567F4150008BBCA /* GoodSuggestionCell.swift in Sources */,
				E823AEFC255F213A00CEC763 /* AccountPresenter.swift in Sources */,
				E8336DB2255DEB15008A8800 /* AutoCompleteRouter.swift in Sources */,
				E823AED6255F0DE200CEC763 /* FavoritesLauncher.swift in Sources */,
				E8DFDB23255C32A10000AAA9 /* PlaceRouter.swift in Sources */,
				E85C7AC1256814680008BBCA /* AuthPresenter.swift in Sources */,
				E81E0BDD2576CDE4000F3F63 /* productImgCell.swift in Sources */,
				E823AEE9255F191000CEC763 /* Favorites.swift in Sources */,
				E8DFDB18255C10E80000AAA9 /* SMSInteractor.swift in Sources */,
				E823AEF6255F206800CEC763 /* AccountLauncher.swift in Sources */,
				E872DAE3256D8589007903D4 /* SearchView.swift in Sources */,
				E823AEFF255F214A00CEC763 /* Account.swift in Sources */,
				E823AEC8255EE96A00CEC763 /* MainViewController.swift in Sources */,
				E82831F625715B8200F89465 /* UIView + Extensions.swift in Sources */,
				E8340E77257A970000238C18 /* CartRouter.swift in Sources */,
				E8340E60257A700700238C18 /* SliderViewController.swift in Sources */,
				E85C7AB12568128E0008BBCA /* LauncherController.swift in Sources */,
				E85C7A8B2567F15B0008BBCA /* AdsCell.swift in Sources */,
				E872DAEA256D8763007903D4 /* SearchPresenter.swift in Sources */,
				E81E0BEC2576D7A0000F3F63 /* ProductDescription.swift in Sources */,
				E8DFDB05255BF40A0000AAA9 /* Landings.swift in Sources */,
				E85C7AA02567F9D00008BBCA /* ShopCell.swift in Sources */,
				E8340E5A257A689E00238C18 /* ProductInfos.swift in Sources */,
				E8336DBF255DF2CB008A8800 /* Merchant.swift in Sources */,
				E8336DC2255E083B008A8800 /* View+Extensions.swift in Sources */,
				E823AF02255F215A00CEC763 /* AccountRouter.swift in Sources */,
				E85C7AC4256814770008BBCA /* AuthInteractor.swift in Sources */,
				E823AEF2255F1F7700CEC763 /* AccountView.swift in Sources */,
				E823AEE3255F0E5500CEC763 /* FavoritesRouter.swift in Sources */,
				E8340E57257A57A100238C18 /* LayoutBuilder.swift in Sources */,
				E872DAE7256D8753007903D4 /* SearchInteractor.swift in Sources */,
				E823AEE0255F0E4200CEC763 /* FavoritesPresenter.swift in Sources */,
				E823AECC255EF27700CEC763 /* HomeView.swift in Sources */,
				E8340E69257A810700238C18 /* ProductInfosRouter.swift in Sources */,
				E85C7ABA256814360008BBCA /* AuthRouter.swift in Sources */,
				E8DFDB2C255C32D30000AAA9 /* PlaceInteractor.swift in Sources */,
				E8CF379125756FAC00A2143C /* Products.swift in Sources */,
				E85C7A862567EBD80008BBCA /* CategoryCell.swift in Sources */,
				E8340E5D257A6EEE00238C18 /* PageVCWithOverlay.swift in Sources */,
				E8336DC5255E085B008A8800 /* Color+Extensions.swift in Sources */,
				E8DFDB26255C32B50000AAA9 /* Location.swift in Sources */,
				E81E0BE72576D517000F3F63 /* ProductPriceCell.swift in Sources */,
				E8340E63257A749400238C18 /* UIColor+Extensions.swift in Sources */,
				E8DFDADD255B49EE0000AAA9 /* AppDelegate.swift in Sources */,
				E823AEDA255F0DFC00CEC763 /* FavoritesView.swift in Sources */,
				E8DFDB34255C50B70000AAA9 /* Utils.swift in Sources */,
				E8340E66257A760900238C18 /* GalleryView.swift in Sources */,
				E85C7A962567F35F0008BBCA /* BrandInsightCell.swift in Sources */,
				E823AEF9255F20FF00CEC763 /* AccountInteractor.swift in Sources */,
				E8340E7F257AA44900238C18 /* CartModelCell.swift in Sources */,
				E8DFDB29255C32C60000AAA9 /* PlacePresenter.swift in Sources */,
				E85C7ABE256814540008BBCA /* Auth.swift in Sources */,
				E85C7A902567F2270008BBCA /* OffersCell.swift in Sources */,
				E8B2C0B02572E1AD00664ABB /* HeaderView.swift in Sources */,
				E8B2C0C12573CB6600664ABB /* CellHeaderView.swift in Sources */,
				E8DFDB2F255C32EE0000AAA9 /* PlaceView.swift in Sources */,
				E8336DAF255DE7BD008A8800 /* AutoCompleteView.swift in Sources */,
				E8340E84257AB36500238C18 /* FloatingButtonController.swift in Sources */,
				E8DFDB12255C0DD40000AAA9 /* SMSRouter.swift in Sources */,
				E8336DAC255DE76E008A8800 /* Autocomplete.swift in Sources */,
				E8DFDB0B255BFD850000AAA9 /* SMSVerificationView.swift in Sources */,
				E8340E7A257AA0E800238C18 /* Model.swift in Sources */,
				E872DAED256D8771007903D4 /* SearchRouter.swift in Sources */,
				E8DFDB0F255C04E30000AAA9 /* Int+Extensions.swift in Sources */,
				E85A4B5825740D61006A539B /* ShopHomeDescription.swift in Sources */,
				E8DFDADF255B49EE0000AAA9 /* SceneDelegate.swift in Sources */,
				E81E0BF12576E6FE000F3F63 /* ProductSelection.swift in Sources */,
				E8DFDAE7255B49EE0000AAA9 /* CovidMarketPlace.xcdatamodeld in Sources */,
				E8B2C0B82572EA7900664ABB /* ShopHomeRouter.swift in Sources */,
			);
			runOnlyForDeploymentPostprocessing = 0;
		};
/* End PBXSourcesBuildPhase section */

/* Begin PBXVariantGroup section */
		E8DFDAE2255B49EE0000AAA9 /* Main.storyboard */ = {
			isa = PBXVariantGroup;
			children = (
				E8DFDAE3255B49EE0000AAA9 /* Base */,
			);
			name = Main.storyboard;
			sourceTree = "<group>";
		};
		E8DFDAEA255B49F00000AAA9 /* LaunchScreen.storyboard */ = {
			isa = PBXVariantGroup;
			children = (
				E8DFDAEB255B49F00000AAA9 /* Base */,
			);
			name = LaunchScreen.storyboard;
			sourceTree = "<group>";
		};
/* End PBXVariantGroup section */

/* Begin XCBuildConfiguration section */
		E8DFDAEE255B49F00000AAA9 /* Debug */ = {
			isa = XCBuildConfiguration;
			buildSettings = {
				ALWAYS_SEARCH_USER_PATHS = NO;
				CLANG_ANALYZER_NONNULL = YES;
				CLANG_ANALYZER_NUMBER_OBJECT_CONVERSION = YES_AGGRESSIVE;
				CLANG_CXX_LANGUAGE_STANDARD = "gnu++14";
				CLANG_CXX_LIBRARY = "libc++";
				CLANG_ENABLE_MODULES = YES;
				CLANG_ENABLE_OBJC_ARC = YES;
				CLANG_ENABLE_OBJC_WEAK = YES;
				CLANG_WARN_BLOCK_CAPTURE_AUTORELEASING = YES;
				CLANG_WARN_BOOL_CONVERSION = YES;
				CLANG_WARN_COMMA = YES;
				CLANG_WARN_CONSTANT_CONVERSION = YES;
				CLANG_WARN_DEPRECATED_OBJC_IMPLEMENTATIONS = YES;
				CLANG_WARN_DIRECT_OBJC_ISA_USAGE = YES_ERROR;
				CLANG_WARN_DOCUMENTATION_COMMENTS = YES;
				CLANG_WARN_EMPTY_BODY = YES;
				CLANG_WARN_ENUM_CONVERSION = YES;
				CLANG_WARN_INFINITE_RECURSION = YES;
				CLANG_WARN_INT_CONVERSION = YES;
				CLANG_WARN_NON_LITERAL_NULL_CONVERSION = YES;
				CLANG_WARN_OBJC_IMPLICIT_RETAIN_SELF = YES;
				CLANG_WARN_OBJC_LITERAL_CONVERSION = YES;
				CLANG_WARN_OBJC_ROOT_CLASS = YES_ERROR;
				CLANG_WARN_QUOTED_INCLUDE_IN_FRAMEWORK_HEADER = YES;
				CLANG_WARN_RANGE_LOOP_ANALYSIS = YES;
				CLANG_WARN_STRICT_PROTOTYPES = YES;
				CLANG_WARN_SUSPICIOUS_MOVE = YES;
				CLANG_WARN_UNGUARDED_AVAILABILITY = YES_AGGRESSIVE;
				CLANG_WARN_UNREACHABLE_CODE = YES;
				CLANG_WARN__DUPLICATE_METHOD_MATCH = YES;
				COPY_PHASE_STRIP = NO;
				DEBUG_INFORMATION_FORMAT = dwarf;
				ENABLE_STRICT_OBJC_MSGSEND = YES;
				ENABLE_TESTABILITY = YES;
				GCC_C_LANGUAGE_STANDARD = gnu11;
				GCC_DYNAMIC_NO_PIC = NO;
				GCC_NO_COMMON_BLOCKS = YES;
				GCC_OPTIMIZATION_LEVEL = 0;
				GCC_PREPROCESSOR_DEFINITIONS = (
					"DEBUG=1",
					"$(inherited)",
				);
				GCC_WARN_64_TO_32_BIT_CONVERSION = YES;
				GCC_WARN_ABOUT_RETURN_TYPE = YES_ERROR;
				GCC_WARN_UNDECLARED_SELECTOR = YES;
				GCC_WARN_UNINITIALIZED_AUTOS = YES_AGGRESSIVE;
				GCC_WARN_UNUSED_FUNCTION = YES;
				GCC_WARN_UNUSED_VARIABLE = YES;
				IPHONEOS_DEPLOYMENT_TARGET = 13.0;
				MTL_ENABLE_DEBUG_INFO = INCLUDE_SOURCE;
				MTL_FAST_MATH = YES;
				ONLY_ACTIVE_ARCH = YES;
				SDKROOT = iphoneos;
				SWIFT_ACTIVE_COMPILATION_CONDITIONS = DEBUG;
				SWIFT_OPTIMIZATION_LEVEL = "-Onone";
			};
			name = Debug;
		};
		E8DFDAEF255B49F00000AAA9 /* Release */ = {
			isa = XCBuildConfiguration;
			buildSettings = {
				ALWAYS_SEARCH_USER_PATHS = NO;
				CLANG_ANALYZER_NONNULL = YES;
				CLANG_ANALYZER_NUMBER_OBJECT_CONVERSION = YES_AGGRESSIVE;
				CLANG_CXX_LANGUAGE_STANDARD = "gnu++14";
				CLANG_CXX_LIBRARY = "libc++";
				CLANG_ENABLE_MODULES = YES;
				CLANG_ENABLE_OBJC_ARC = YES;
				CLANG_ENABLE_OBJC_WEAK = YES;
				CLANG_WARN_BLOCK_CAPTURE_AUTORELEASING = YES;
				CLANG_WARN_BOOL_CONVERSION = YES;
				CLANG_WARN_COMMA = YES;
				CLANG_WARN_CONSTANT_CONVERSION = YES;
				CLANG_WARN_DEPRECATED_OBJC_IMPLEMENTATIONS = YES;
				CLANG_WARN_DIRECT_OBJC_ISA_USAGE = YES_ERROR;
				CLANG_WARN_DOCUMENTATION_COMMENTS = YES;
				CLANG_WARN_EMPTY_BODY = YES;
				CLANG_WARN_ENUM_CONVERSION = YES;
				CLANG_WARN_INFINITE_RECURSION = YES;
				CLANG_WARN_INT_CONVERSION = YES;
				CLANG_WARN_NON_LITERAL_NULL_CONVERSION = YES;
				CLANG_WARN_OBJC_IMPLICIT_RETAIN_SELF = YES;
				CLANG_WARN_OBJC_LITERAL_CONVERSION = YES;
				CLANG_WARN_OBJC_ROOT_CLASS = YES_ERROR;
				CLANG_WARN_QUOTED_INCLUDE_IN_FRAMEWORK_HEADER = YES;
				CLANG_WARN_RANGE_LOOP_ANALYSIS = YES;
				CLANG_WARN_STRICT_PROTOTYPES = YES;
				CLANG_WARN_SUSPICIOUS_MOVE = YES;
				CLANG_WARN_UNGUARDED_AVAILABILITY = YES_AGGRESSIVE;
				CLANG_WARN_UNREACHABLE_CODE = YES;
				CLANG_WARN__DUPLICATE_METHOD_MATCH = YES;
				COPY_PHASE_STRIP = NO;
				DEBUG_INFORMATION_FORMAT = "dwarf-with-dsym";
				ENABLE_NS_ASSERTIONS = NO;
				ENABLE_STRICT_OBJC_MSGSEND = YES;
				GCC_C_LANGUAGE_STANDARD = gnu11;
				GCC_NO_COMMON_BLOCKS = YES;
				GCC_WARN_64_TO_32_BIT_CONVERSION = YES;
				GCC_WARN_ABOUT_RETURN_TYPE = YES_ERROR;
				GCC_WARN_UNDECLARED_SELECTOR = YES;
				GCC_WARN_UNINITIALIZED_AUTOS = YES_AGGRESSIVE;
				GCC_WARN_UNUSED_FUNCTION = YES;
				GCC_WARN_UNUSED_VARIABLE = YES;
				IPHONEOS_DEPLOYMENT_TARGET = 13.0;
				MTL_ENABLE_DEBUG_INFO = NO;
				MTL_FAST_MATH = YES;
				SDKROOT = iphoneos;
				SWIFT_COMPILATION_MODE = wholemodule;
				SWIFT_OPTIMIZATION_LEVEL = "-O";
				VALIDATE_PRODUCT = YES;
			};
			name = Release;
		};
		E8DFDAF1255B49F00000AAA9 /* Debug */ = {
			isa = XCBuildConfiguration;
			baseConfigurationReference = EF4C1C676804510A5EAD0966 /* Pods-CovidMarketPlace.debug.xcconfig */;
			buildSettings = {
				ASSETCATALOG_COMPILER_APPICON_NAME = AppIcon;
				ASSETCATALOG_COMPILER_GLOBAL_ACCENT_COLOR_NAME = AccentColor;
				CODE_SIGN_STYLE = Automatic;
				DEVELOPMENT_TEAM = NP5S26B4UQ;
				INFOPLIST_FILE = CovidMarketPlace/Info.plist;
				LD_RUNPATH_SEARCH_PATHS = (
					"$(inherited)",
					"@executable_path/Frameworks",
				);
				PRODUCT_BUNDLE_IDENTIFIER = fr.agbenya.CovidMarketPlace;
				PRODUCT_NAME = "$(TARGET_NAME)";
				SWIFT_VERSION = 5.0;
				TARGETED_DEVICE_FAMILY = "1,2";
			};
			name = Debug;
		};
		E8DFDAF2255B49F00000AAA9 /* Release */ = {
			isa = XCBuildConfiguration;
			baseConfigurationReference = BEE6626206CA5C4C21BAAEC8 /* Pods-CovidMarketPlace.release.xcconfig */;
			buildSettings = {
				ASSETCATALOG_COMPILER_APPICON_NAME = AppIcon;
				ASSETCATALOG_COMPILER_GLOBAL_ACCENT_COLOR_NAME = AccentColor;
				CODE_SIGN_STYLE = Automatic;
				DEVELOPMENT_TEAM = NP5S26B4UQ;
				INFOPLIST_FILE = CovidMarketPlace/Info.plist;
				LD_RUNPATH_SEARCH_PATHS = (
					"$(inherited)",
					"@executable_path/Frameworks",
				);
				PRODUCT_BUNDLE_IDENTIFIER = fr.agbenya.CovidMarketPlace;
				PRODUCT_NAME = "$(TARGET_NAME)";
				SWIFT_VERSION = 5.0;
				TARGETED_DEVICE_FAMILY = "1,2";
			};
			name = Release;
		};
/* End XCBuildConfiguration section */

/* Begin XCConfigurationList section */
		E8DFDAD4255B49EE0000AAA9 /* Build configuration list for PBXProject "CovidMarketPlace" */ = {
			isa = XCConfigurationList;
			buildConfigurations = (
				E8DFDAEE255B49F00000AAA9 /* Debug */,
				E8DFDAEF255B49F00000AAA9 /* Release */,
			);
			defaultConfigurationIsVisible = 0;
			defaultConfigurationName = Release;
		};
		E8DFDAF0255B49F00000AAA9 /* Build configuration list for PBXNativeTarget "CovidMarketPlace" */ = {
			isa = XCConfigurationList;
			buildConfigurations = (
				E8DFDAF1255B49F00000AAA9 /* Debug */,
				E8DFDAF2255B49F00000AAA9 /* Release */,
			);
			defaultConfigurationIsVisible = 0;
			defaultConfigurationName = Release;
		};
/* End XCConfigurationList section */

/* Begin XCVersionGroup section */
		E8DFDAE5255B49EE0000AAA9 /* CovidMarketPlace.xcdatamodeld */ = {
			isa = XCVersionGroup;
			children = (
				E8DFDAE6255B49EE0000AAA9 /* CovidMarketPlace.xcdatamodel */,
			);
			currentVersion = E8DFDAE6255B49EE0000AAA9 /* CovidMarketPlace.xcdatamodel */;
			path = CovidMarketPlace.xcdatamodeld;
			sourceTree = "<group>";
			versionGroupType = wrapper.xcdatamodel;
		};
/* End XCVersionGroup section */
	};
	rootObject = E8DFDAD1255B49EE0000AAA9 /* Project object */;
}
